
Microsoft Visual Studio Solution File, Format Version 12.00
# Visual Studio Version 16
VisualStudioVersion = 16.0.29806.167
MinimumVisualStudioVersion = 10.0.40219.1
Project("{9A19103F-16F7-4668-BE54-9A1E7A4F7556}") = "TestTimeSpan2", "TestTimeSpan2\TestTimeSpan2.csproj", "{14567D26-78A4-4DE3-9EEB-03BD14755C68}"
EndProject
Project("{9A19103F-16F7-4668-BE54-9A1E7A4F7556}") = "TimeSpan2", "TimeSpan2\TimeSpan2.csproj", "{A267F123-EAFE-4F02-9AC9-283FE5D9A031}"
EndProject
Project("{2150E333-8FDC-42A3-9474-1A3956D46DE8}") = "Solution Items", "Solution Items", "{0020BD40-0144-43F4-8DD4-FF2E3E7327A8}"
	ProjectSection(SolutionItems) = preProject
		README.md = README.md
	EndProjectSection
EndProject
Global
	GlobalSection(SolutionConfigurationPlatforms) = preSolution
		Debug|Any CPU = Debug|Any CPU
		Release|Any CPU = Release|Any CPU
	EndGlobalSection
	GlobalSection(ProjectConfigurationPlatforms) = postSolution
		{14567D26-78A4-4DE3-9EEB-03BD14755C68}.Debug|Any CPU.ActiveCfg = Debug|Any CPU
		{14567D26-78A4-4DE3-9EEB-03BD14755C68}.Debug|Any CPU.Build.0 = Debug|Any CPU
		{14567D26-78A4-4DE3-9EEB-03BD14755C68}.Release|Any CPU.ActiveCfg = Release|Any CPU
		{14567D26-78A4-4DE3-9EEB-03BD14755C68}.Release|Any CPU.Build.0 = Release|Any CPU
		{A267F123-EAFE-4F02-9AC9-283FE5D9A031}.Debug|Any CPU.ActiveCfg = Debug|Any CPU
		{A267F123-EAFE-4F02-9AC9-283FE5D9A031}.Debug|Any CPU.Build.0 = Debug|Any CPU
		{A267F123-EAFE-4F02-9AC9-283FE5D9A031}.Release|Any CPU.ActiveCfg = Release|Any CPU
		{A267F123-EAFE-4F02-9AC9-283FE5D9A031}.Release|Any CPU.Build.0 = Release|Any CPU
	EndGlobalSection
	GlobalSection(SolutionProperties) = preSolution
		HideSolutionNode = FALSE
	EndGlobalSection
	GlobalSection(ExtensibilityGlobals) = postSolution
		SolutionGuid = {8C8AE7F4-B185-4E67-BEB8-CCB80C2B598A}
	EndGlobalSection
EndGlobal
